
Microsoft Visual Studio Solution File, Format Version 12.00
# Visual Studio Version 17
VisualStudioVersion = 17.11.35303.130
MinimumVisualStudioVersion = 10.0.40219.1
Project("{FAE04EC0-301F-11D3-BF4B-00C04F79EFBC}") = "ЛР1", "ЛР1\ЛР1.csproj", "{DFC7FB30-839F-47EA-8695-5952111C6BED}"
EndProject
Global
	GlobalSection(SolutionConfigurationPlatforms) = preSolution
		Debug|Any CPU = Debug|Any CPU
		Release|Any CPU = Release|Any CPU
	EndGlobalSection
	GlobalSection(ProjectConfigurationPlatforms) = postSolution
		{DFC7FB30-839F-47EA-8695-5952111C6BED}.Debug|Any CPU.ActiveCfg = Debug|Any CPU
		{DFC7FB30-839F-47EA-8695-5952111C6BED}.Debug|Any CPU.Build.0 = Debug|Any CPU
		{DFC7FB30-839F-47EA-8695-5952111C6BED}.Release|Any CPU.ActiveCfg = Release|Any CPU
		{DFC7FB30-839F-47EA-8695-5952111C6BED}.Release|Any CPU.Build.0 = Release|Any CPU
	EndGlobalSection
	GlobalSection(SolutionProperties) = preSolution
		HideSolutionNode = FALSE
	EndGlobalSection
	GlobalSection(ExtensibilityGlobals) = postSolution
		SolutionGuid = {1D9101C3-8368-4D80-AA51-7C109FDB84A2}
	EndGlobalSection
EndGlobal
