
Microsoft Visual Studio Solution File, Format Version 12.00
# Visual Studio Version 17
VisualStudioVersion = 17.10.35027.167
MinimumVisualStudioVersion = 10.0.40219.1
Project("{FAE04EC0-301F-11D3-BF4B-00C04F79EFBC}") = "ConsoleApp1", "ConsoleApp1\ConsoleApp1.csproj", "{8760B001-3311-4121-B062-E80A169CE7CD}"
EndProject
Global
	GlobalSection(SolutionConfigurationPlatforms) = preSolution
		Debug|Any CPU = Debug|Any CPU
		Release|Any CPU = Release|Any CPU
	EndGlobalSection
	GlobalSection(ProjectConfigurationPlatforms) = postSolution
		{8760B001-3311-4121-B062-E80A169CE7CD}.Debug|Any CPU.ActiveCfg = Debug|Any CPU
		{8760B001-3311-4121-B062-E80A169CE7CD}.Debug|Any CPU.Build.0 = Debug|Any CPU
		{8760B001-3311-4121-B062-E80A169CE7CD}.Release|Any CPU.ActiveCfg = Release|Any CPU
		{8760B001-3311-4121-B062-E80A169CE7CD}.Release|Any CPU.Build.0 = Release|Any CPU
	EndGlobalSection
	GlobalSection(SolutionProperties) = preSolution
		HideSolutionNode = FALSE
	EndGlobalSection
	GlobalSection(ExtensibilityGlobals) = postSolution
		SolutionGuid = {5F88CEFA-7BF6-4724-B8B1-DEA3780734A1}
	EndGlobalSection
EndGlobal
